
Microsoft Visual Studio Solution File, Format Version 12.00
# Visual Studio 2013
VisualStudioVersion = 12.0.21005.1
MinimumVisualStudioVersion = 10.0.40219.1
Project("{FAE04EC0-301F-11D3-BF4B-00C04F79EFBC}") = "Regard.Query", "Regard.Query\Regard.Query.csproj", "{18506010-74BB-4546-82A8-29FDFF88DBBF}"
EndProject
Project("{FAE04EC0-301F-11D3-BF4B-00C04F79EFBC}") = "Regard.Query.Samples", "Regard.Query.Samples\Regard.Query.Samples.csproj", "{6B86141B-E0A9-48F6-B1B4-1DD64836359E}"
EndProject
Project("{FAE04EC0-301F-11D3-BF4B-00C04F79EFBC}") = "Regard.Query.Tests", "Regard.Query.Tests\Regard.Query.Tests.csproj", "{B3AF7F38-CE7D-4C66-8436-A524D11B705F}"
EndProject
Project("{2150E333-8FDC-42A3-9474-1A3956D46DE8}") = ".nuget", ".nuget", "{0DDFEE8C-4F19-4FB8-9B88-C25220F92CE6}"
	ProjectSection(SolutionItems) = preProject
		.nuget\packages.config = .nuget\packages.config
	EndProjectSection
EndProject
Project("{FAE04EC0-301F-11D3-BF4B-00C04F79EFBC}") = "Regard.Query.WebAPI", "Regard.Query.WebAPI\Regard.Query.WebAPI.csproj", "{7A183869-6595-4AF2-A2CD-E72C67ACF236}"
EndProject
Project("{FAE04EC0-301F-11D3-BF4B-00C04F79EFBC}") = "Regard.Query.BasicEndpoint", "Regard.Query.BasicEndpoint\Regard.Query.BasicEndpoint.csproj", "{0526AD6B-4EE3-49E6-A095-0D8EA175B244}"
EndProject
Project("{CC5FD16D-436D-48AD-A40C-5A424C6E3E79}") = "Regard.Query.Internal.Service", "Regard.Query.Internal.Service\Regard.Query.Internal.Service.ccproj", "{5852ED31-F0DD-4F97-B344-7A3F1ADB6C05}"
EndProject
Global
	GlobalSection(SolutionConfigurationPlatforms) = preSolution
		Debug|Any CPU = Debug|Any CPU
		Release|Any CPU = Release|Any CPU
	EndGlobalSection
	GlobalSection(ProjectConfigurationPlatforms) = postSolution
		{18506010-74BB-4546-82A8-29FDFF88DBBF}.Debug|Any CPU.ActiveCfg = Debug|Any CPU
		{18506010-74BB-4546-82A8-29FDFF88DBBF}.Debug|Any CPU.Build.0 = Debug|Any CPU
		{18506010-74BB-4546-82A8-29FDFF88DBBF}.Release|Any CPU.ActiveCfg = Release|Any CPU
		{18506010-74BB-4546-82A8-29FDFF88DBBF}.Release|Any CPU.Build.0 = Release|Any CPU
		{6B86141B-E0A9-48F6-B1B4-1DD64836359E}.Debug|Any CPU.ActiveCfg = Debug|Any CPU
		{6B86141B-E0A9-48F6-B1B4-1DD64836359E}.Debug|Any CPU.Build.0 = Debug|Any CPU
		{6B86141B-E0A9-48F6-B1B4-1DD64836359E}.Release|Any CPU.ActiveCfg = Release|Any CPU
		{6B86141B-E0A9-48F6-B1B4-1DD64836359E}.Release|Any CPU.Build.0 = Release|Any CPU
		{B3AF7F38-CE7D-4C66-8436-A524D11B705F}.Debug|Any CPU.ActiveCfg = Debug|Any CPU
		{B3AF7F38-CE7D-4C66-8436-A524D11B705F}.Debug|Any CPU.Build.0 = Debug|Any CPU
		{B3AF7F38-CE7D-4C66-8436-A524D11B705F}.Release|Any CPU.ActiveCfg = Release|Any CPU
		{B3AF7F38-CE7D-4C66-8436-A524D11B705F}.Release|Any CPU.Build.0 = Release|Any CPU
		{7A183869-6595-4AF2-A2CD-E72C67ACF236}.Debug|Any CPU.ActiveCfg = Debug|Any CPU
		{7A183869-6595-4AF2-A2CD-E72C67ACF236}.Debug|Any CPU.Build.0 = Debug|Any CPU
		{7A183869-6595-4AF2-A2CD-E72C67ACF236}.Release|Any CPU.ActiveCfg = Release|Any CPU
		{7A183869-6595-4AF2-A2CD-E72C67ACF236}.Release|Any CPU.Build.0 = Release|Any CPU
		{0526AD6B-4EE3-49E6-A095-0D8EA175B244}.Debug|Any CPU.ActiveCfg = Debug|Any CPU
		{0526AD6B-4EE3-49E6-A095-0D8EA175B244}.Debug|Any CPU.Build.0 = Debug|Any CPU
		{0526AD6B-4EE3-49E6-A095-0D8EA175B244}.Release|Any CPU.ActiveCfg = Release|Any CPU
		{0526AD6B-4EE3-49E6-A095-0D8EA175B244}.Release|Any CPU.Build.0 = Release|Any CPU
		{5852ED31-F0DD-4F97-B344-7A3F1ADB6C05}.Debug|Any CPU.ActiveCfg = Debug|Any CPU
		{5852ED31-F0DD-4F97-B344-7A3F1ADB6C05}.Debug|Any CPU.Build.0 = Debug|Any CPU
		{5852ED31-F0DD-4F97-B344-7A3F1ADB6C05}.Release|Any CPU.ActiveCfg = Release|Any CPU
		{5852ED31-F0DD-4F97-B344-7A3F1ADB6C05}.Release|Any CPU.Build.0 = Release|Any CPU
	EndGlobalSection
	GlobalSection(SolutionProperties) = preSolution
		HideSolutionNode = FALSE
	EndGlobalSection
EndGlobal
